
Microsoft Visual Studio Solution File, Format Version 12.00
# Visual Studio Version 17
VisualStudioVersion = 17.5.002.0
MinimumVisualStudioVersion = 10.0.40219.1
Project("{9A19103F-16F7-4668-BE54-9A1E7A4F7556}") = "senai_mvc", "senai_mvc.csproj", "{532350AC-4482-4D61-9A66-E97EE14C3C84}"
EndProject
Global
	GlobalSection(SolutionConfigurationPlatforms) = preSolution
		Debug|Any CPU = Debug|Any CPU
		Release|Any CPU = Release|Any CPU
	EndGlobalSection
	GlobalSection(ProjectConfigurationPlatforms) = postSolution
		{532350AC-4482-4D61-9A66-E97EE14C3C84}.Debug|Any CPU.ActiveCfg = Debug|Any CPU
		{532350AC-4482-4D61-9A66-E97EE14C3C84}.Debug|Any CPU.Build.0 = Debug|Any CPU
		{532350AC-4482-4D61-9A66-E97EE14C3C84}.Release|Any CPU.ActiveCfg = Release|Any CPU
		{532350AC-4482-4D61-9A66-E97EE14C3C84}.Release|Any CPU.Build.0 = Release|Any CPU
	EndGlobalSection
	GlobalSection(SolutionProperties) = preSolution
		HideSolutionNode = FALSE
	EndGlobalSection
	GlobalSection(ExtensibilityGlobals) = postSolution
		SolutionGuid = {1946FACF-102E-493A-8D7B-AF7E2BBE1801}
	EndGlobalSection
EndGlobal
